
Microsoft Visual Studio Solution File, Format Version 12.00
# Visual Studio 2017
Project("{FAE04EC0-301F-11D3-BF4B-00C04F79EFBC}") = "FittsLawVR_Unity", "FittsLawVR_Unity.csproj", "{696A172A-5D0E-C3DF-6E28-D76DAA98DC82}"
EndProject
Project("{FAE04EC0-301F-11D3-BF4B-00C04F79EFBC}") = "FittsLawVR_Unity.Editor", "FittsLawVR_Unity.Editor.csproj", "{F34662E9-544B-693B-C040-68689F3868C0}"
EndProject
Global
	GlobalSection(SolutionConfigurationPlatforms) = preSolution
		Debug|Any CPU = Debug|Any CPU
		Release|Any CPU = Release|Any CPU
	EndGlobalSection
	GlobalSection(ProjectConfigurationPlatforms) = postSolution
		{696A172A-5D0E-C3DF-6E28-D76DAA98DC82}.Debug|Any CPU.ActiveCfg = Debug|Any CPU
		{696A172A-5D0E-C3DF-6E28-D76DAA98DC82}.Debug|Any CPU.Build.0 = Debug|Any CPU
		{696A172A-5D0E-C3DF-6E28-D76DAA98DC82}.Release|Any CPU.ActiveCfg = Release|Any CPU
		{696A172A-5D0E-C3DF-6E28-D76DAA98DC82}.Release|Any CPU.Build.0 = Release|Any CPU
		{F34662E9-544B-693B-C040-68689F3868C0}.Debug|Any CPU.ActiveCfg = Debug|Any CPU
		{F34662E9-544B-693B-C040-68689F3868C0}.Debug|Any CPU.Build.0 = Debug|Any CPU
		{F34662E9-544B-693B-C040-68689F3868C0}.Release|Any CPU.ActiveCfg = Release|Any CPU
		{F34662E9-544B-693B-C040-68689F3868C0}.Release|Any CPU.Build.0 = Release|Any CPU
	EndGlobalSection
	GlobalSection(SolutionProperties) = preSolution
		HideSolutionNode = FALSE
	EndGlobalSection
EndGlobal
